# THIS IS AN AUTOGENERATED FILE. DO NOT EDIT THIS FILE DIRECTLY.
# yarn lockfile v1


"@types/lodash.intersection@^4.4.6":
  version "4.4.6"
  resolved "https://registry.yarnpkg.com/@types/lodash.intersection/-/lodash.intersection-4.4.6.tgz#0fb241badf6edbb2a7d194a70c50e950e2486e68"
  integrity sha512-6ewsKax7+HgT+7mEhzXT6tIyIHc/mjCwZJnarvLbCrtW21qmDQHWbaJj4Ht4DQDBmMdnvZe8APuVlsMpZ5E5mQ==
  dependencies:
    "@types/lodash" "*"

"@types/lodash.pick@^4.4.6":
  version "4.4.6"
  resolved "https://registry.yarnpkg.com/@types/lodash.pick/-/lodash.pick-4.4.6.tgz#ae4e8f109e982786313bb6aac4b1a73aefa6e9be"
  integrity sha512-u8bzA16qQ+8dY280z3aK7PoWb3fzX5ATJ0rJB6F+uqchOX2VYF02Aqa+8aYiHiHgPzQiITqCgeimlyKFy4OA6g==
  dependencies:
    "@types/lodash" "*"

"@types/lodash@*":
  version "4.14.168"
  resolved "https://registry.yarnpkg.com/@types/lodash/-/lodash-4.14.168.tgz#fe24632e79b7ade3f132891afff86caa5e5ce008"
  integrity sha512-oVfRvqHV/V6D1yifJbVRU3TMp8OT6o6BG+U9MkwuJ3U8/CsDHvalRpsxBqivn71ztOFZBTfJMvETbqHiaNSj7Q==

"@types/node@*", "@types/node@^14.14.35":
  version "14.14.35"
  resolved "https://registry.yarnpkg.com/@types/node/-/node-14.14.35.tgz#42c953a4e2b18ab931f72477e7012172f4ffa313"
  integrity sha512-Lt+wj8NVPx0zUmUwumiVXapmaLUcAk3yPuHCFVXras9k5VT9TdhJqKqGVUQCD60OTMCl0qxJ57OiTL0Mic3Iag==

"@types/redis@^2.8.28":
  version "2.8.28"
  resolved "https://registry.yarnpkg.com/@types/redis/-/redis-2.8.28.tgz#5862b2b64aa7f7cbc76dafd7e6f06992b52c55e3"
  integrity sha512-8l2gr2OQ969ypa7hFOeKqtFoY70XkHxISV0pAwmQ2nm6CSPb1brmTmqJCGGrekCo+pAZyWlNXr+Kvo6L/1wijA==
  dependencies:
    "@types/node" "*"

denque@^1.4.1:
  version "1.5.0"
  resolved "https://registry.yarnpkg.com/denque/-/denque-1.5.0.tgz#773de0686ff2d8ec2ff92914316a47b73b1c73de"
  integrity sha512-CYiCSgIF1p6EUByQPlGkKnP1M9g0ZV3qMIrqMqZqdwazygIA/YP2vrbcyl1h/WppKJTdl1F85cXIle+394iDAQ==

lodash.intersection@^4.4.0:
  version "4.4.0"
  resolved "https://registry.yarnpkg.com/lodash.intersection/-/lodash.intersection-4.4.0.tgz#0a11ba631d0e95c23c7f2f4cbb9a692ed178e705"
  integrity sha1-ChG6Yx0OlcI8fy9Mu5ppLtF45wU=

lodash.pick@^4.4.0:
  version "4.4.0"
  resolved "https://registry.yarnpkg.com/lodash.pick/-/lodash.pick-4.4.0.tgz#52f05610fff9ded422611441ed1fc123a03001b3"
  integrity sha1-UvBWEP/53tQiYRRB7R/BI6AwAbM=

redis-commands@^1.5.0:
  version "1.7.0"
  resolved "https://registry.yarnpkg.com/redis-commands/-/redis-commands-1.7.0.tgz#15a6fea2d58281e27b1cd1acfb4b293e278c3a89"
  integrity sha512-nJWqw3bTFy21hX/CPKHth6sfhZbdiHP6bTawSgQBlKOVRG7EZkfHbbHwQJnrE4vsQf0CMNE+3gJ4Fmm16vdVlQ==

redis-errors@^1.0.0, redis-errors@^1.2.0:
  version "1.2.0"
  resolved "https://registry.yarnpkg.com/redis-errors/-/redis-errors-1.2.0.tgz#eb62d2adb15e4eaf4610c04afe1529384250abad"
  integrity sha1-62LSrbFeTq9GEMBK/hUpOEJQq60=

redis-parser@^3.0.0:
  version "3.0.0"
  resolved "https://registry.yarnpkg.com/redis-parser/-/redis-parser-3.0.0.tgz#b66d828cdcafe6b4b8a428a7def4c6bcac31c8b4"
  integrity sha1-tm2CjNyv5rS4pCin3vTGvKwxyLQ=
  dependencies:
    redis-errors "^1.0.0"

redis@^3.0.2:
  version "3.0.2"
  resolved "https://registry.yarnpkg.com/redis/-/redis-3.0.2.tgz#bd47067b8a4a3e6a2e556e57f71cc82c7360150a"
  integrity sha512-PNhLCrjU6vKVuMOyFu7oSP296mwBkcE6lrAjruBYG5LgdSqtRBoVQIylrMyVZD/lkF24RSNNatzvYag6HRBHjQ==
  dependencies:
    denque "^1.4.1"
    redis-commands "^1.5.0"
    redis-errors "^1.2.0"
    redis-parser "^3.0.0"

typescript@^4.2.3:
  version "4.2.3"
  resolved "https://registry.yarnpkg.com/typescript/-/typescript-4.2.3.tgz#39062d8019912d43726298f09493d598048c1ce3"
  integrity sha512-qOcYwxaByStAWrBf4x0fibwZvMRG+r4cQoTjbPtUlrWjBHbmCAww1i448U0GJ+3cNNEtebDteo/cHOR3xJ4wEw==
